{
  "version": "5",
  "specifiers": {
    "npm:pyodide@0.26.4": "0.26.4"
  },
  "npm": {
    "pyodide@0.26.4": {
      "integrity": "sha512-z2CHsjVlhhJi5tYBF0AYAfNEPo3zq/z+xOpFtk1tweJkRaTqU4UK/7pLvo8DBU2VDPH31vB3pSI+8fnoqrVrFg==",
      "dependencies": [
        "ws"
      ]
    },
    "ws@8.21.0": {
      "integrity": "sha512-Vsp28b7DRcimFQvrqu2Wek3z1iYxDCWqHYB8Qsnk/S4RfaCQzPGPyBNuVjJV3cd6UiKtUtp6sNM77gWvzcCH+g=="
    }
  },
  "workspace": {
    "packageJson": {
      "dependencies": []
    }
  }
}
